{
	"name":"parsekit\/parsekit-repository",
	"version":null,
	"type":"project",
	"stability":null,
	"uniqueName":"parsekit\/parsekit-repository",
	"packages":{
		"parsekit\/semver":{
			"name":"parsekit\/semver",
			"type":"library",
			"targetDir":"parsekit\/semver",
			"sourceType":"git",
			"sourceUrl":"https:\/\/github.com\/ln-e\/parsekit-semver.git",
			"sourceReference":"e6372388f22cdd6baa80a6a5134b89fe82eb387e",
			"distType":"zip",
			"distUrl":"https:\/\/api.github.com\/repos\/parsekit\/semver\/zipball\/e6372388f22cdd6baa80a6a5134b89fe82eb387e",
			"distReference":"e6372388f22cdd6baa80a6a5134b89fe82eb387e",
			"version":"master",
			"normilizedVersion":"9999999-dev",
			"releaseDate":null,
			"minimumStability":"dev",
			"stability":"dev",
			"requiredPackages":{},
			"require":{
				"parser":">=3.4.3"
			},
			"conflict":{},
			"devRequire":{},
			"autoload":{
				"namespace":{
					"Parsekit\/Semver":"src"
				}
			},
			"devAutoload":{},
			"aliases":{},
			"dynamicDocRoot":false,
			"docRoot":".\/",
			"repository":null,
			"uniqueName":"parsekit\/semvermaster"
		}
	},
	"releaseDate":"1475697158",
	"updated":"1480547542"
}
